
Microsoft Visual Studio Solution File, Format Version 12.00
# Visual Studio 15
VisualStudioVersion = 15.0.26730.16
MinimumVisualStudioVersion = 10.0.40219.1
Project("{262852C6-CD72-467D-83FE-5EEB1973A190}") = "Ionic3-Template", "Ionic3-Template\Ionic3-Template.jsproj", "{58CBE3DC-16F1-4A9B-BD4D-21EF9A0434A3}"
EndProject
Project("{9A19103F-16F7-4668-BE54-9A1E7A4F7556}") = "Sammaron.Authentication", "Sammaron.Authentication\Sammaron.Authentication.csproj", "{A470CED0-DD05-47DA-8E5B-3CB22908DB32}"
EndProject
Project("{9A19103F-16F7-4668-BE54-9A1E7A4F7556}") = "Sammaron.Core", "Sammaron.Core\Sammaron.Core.csproj", "{57CFCAED-92E8-4C66-B973-BDCF3FC6AE18}"
EndProject
Project("{9A19103F-16F7-4668-BE54-9A1E7A4F7556}") = "Sammaron.Server", "Sammaron.Server\Sammaron.Server.csproj", "{76CCA04D-6714-43DD-AA5F-2A84F833833B}"
EndProject
Global
	GlobalSection(SolutionConfigurationPlatforms) = preSolution
		Debug|Android = Debug|Android
		Debug|Any CPU = Debug|Any CPU
		Debug|iOS = Debug|iOS
		Debug|Windows-AnyCPU = Debug|Windows-AnyCPU
		Debug|Windows-ARM = Debug|Windows-ARM
		Debug|Windows-x64 = Debug|Windows-x64
		Debug|Windows-x86 = Debug|Windows-x86
		Release|Android = Release|Android
		Release|Any CPU = Release|Any CPU
		Release|iOS = Release|iOS
		Release|Windows-AnyCPU = Release|Windows-AnyCPU
		Release|Windows-ARM = Release|Windows-ARM
		Release|Windows-x64 = Release|Windows-x64
		Release|Windows-x86 = Release|Windows-x86
	EndGlobalSection
	GlobalSection(ProjectConfigurationPlatforms) = postSolution
		{58CBE3DC-16F1-4A9B-BD4D-21EF9A0434A3}.Debug|Android.ActiveCfg = Debug|Android
		{58CBE3DC-16F1-4A9B-BD4D-21EF9A0434A3}.Debug|Android.Build.0 = Debug|Android
		{58CBE3DC-16F1-4A9B-BD4D-21EF9A0434A3}.Debug|Android.Deploy.0 = Debug|Android
		{58CBE3DC-16F1-4A9B-BD4D-21EF9A0434A3}.Debug|Any CPU.ActiveCfg = Debug|Android
		{58CBE3DC-16F1-4A9B-BD4D-21EF9A0434A3}.Debug|iOS.ActiveCfg = Debug|iOS
		{58CBE3DC-16F1-4A9B-BD4D-21EF9A0434A3}.Debug|iOS.Build.0 = Debug|iOS
		{58CBE3DC-16F1-4A9B-BD4D-21EF9A0434A3}.Debug|iOS.Deploy.0 = Debug|iOS
		{58CBE3DC-16F1-4A9B-BD4D-21EF9A0434A3}.Debug|Windows-AnyCPU.ActiveCfg = Debug|Windows-AnyCPU
		{58CBE3DC-16F1-4A9B-BD4D-21EF9A0434A3}.Debug|Windows-AnyCPU.Build.0 = Debug|Windows-AnyCPU
		{58CBE3DC-16F1-4A9B-BD4D-21EF9A0434A3}.Debug|Windows-AnyCPU.Deploy.0 = Debug|Windows-AnyCPU
		{58CBE3DC-16F1-4A9B-BD4D-21EF9A0434A3}.Debug|Windows-ARM.ActiveCfg = Debug|Windows-ARM
		{58CBE3DC-16F1-4A9B-BD4D-21EF9A0434A3}.Debug|Windows-ARM.Build.0 = Debug|Windows-ARM
		{58CBE3DC-16F1-4A9B-BD4D-21EF9A0434A3}.Debug|Windows-ARM.Deploy.0 = Debug|Windows-ARM
		{58CBE3DC-16F1-4A9B-BD4D-21EF9A0434A3}.Debug|Windows-x64.ActiveCfg = Debug|Windows-x64
		{58CBE3DC-16F1-4A9B-BD4D-21EF9A0434A3}.Debug|Windows-x64.Build.0 = Debug|Windows-x64
		{58CBE3DC-16F1-4A9B-BD4D-21EF9A0434A3}.Debug|Windows-x64.Deploy.0 = Debug|Windows-x64
		{58CBE3DC-16F1-4A9B-BD4D-21EF9A0434A3}.Debug|Windows-x86.ActiveCfg = Debug|Windows-x86
		{58CBE3DC-16F1-4A9B-BD4D-21EF9A0434A3}.Debug|Windows-x86.Build.0 = Debug|Windows-x86
		{58CBE3DC-16F1-4A9B-BD4D-21EF9A0434A3}.Debug|Windows-x86.Deploy.0 = Debug|Windows-x86
		{58CBE3DC-16F1-4A9B-BD4D-21EF9A0434A3}.Release|Android.ActiveCfg = Release|Android
		{58CBE3DC-16F1-4A9B-BD4D-21EF9A0434A3}.Release|Android.Build.0 = Release|Android
		{58CBE3DC-16F1-4A9B-BD4D-21EF9A0434A3}.Release|Android.Deploy.0 = Release|Android
		{58CBE3DC-16F1-4A9B-BD4D-21EF9A0434A3}.Release|Any CPU.ActiveCfg = Release|Android
		{58CBE3DC-16F1-4A9B-BD4D-21EF9A0434A3}.Release|iOS.ActiveCfg = Release|iOS
		{58CBE3DC-16F1-4A9B-BD4D-21EF9A0434A3}.Release|iOS.Build.0 = Release|iOS
		{58CBE3DC-16F1-4A9B-BD4D-21EF9A0434A3}.Release|iOS.Deploy.0 = Release|iOS
		{58CBE3DC-16F1-4A9B-BD4D-21EF9A0434A3}.Release|Windows-AnyCPU.ActiveCfg = Release|Windows-AnyCPU
		{58CBE3DC-16F1-4A9B-BD4D-21EF9A0434A3}.Release|Windows-AnyCPU.Build.0 = Release|Windows-AnyCPU
		{58CBE3DC-16F1-4A9B-BD4D-21EF9A0434A3}.Release|Windows-AnyCPU.Deploy.0 = Release|Windows-AnyCPU
		{58CBE3DC-16F1-4A9B-BD4D-21EF9A0434A3}.Release|Windows-ARM.ActiveCfg = Release|Windows-ARM
		{58CBE3DC-16F1-4A9B-BD4D-21EF9A0434A3}.Release|Windows-ARM.Build.0 = Release|Windows-ARM
		{58CBE3DC-16F1-4A9B-BD4D-21EF9A0434A3}.Release|Windows-ARM.Deploy.0 = Release|Windows-ARM
		{58CBE3DC-16F1-4A9B-BD4D-21EF9A0434A3}.Release|Windows-x64.ActiveCfg = Release|Windows-x64
		{58CBE3DC-16F1-4A9B-BD4D-21EF9A0434A3}.Release|Windows-x64.Build.0 = Release|Windows-x64
		{58CBE3DC-16F1-4A9B-BD4D-21EF9A0434A3}.Release|Windows-x64.Deploy.0 = Release|Windows-x64
		{58CBE3DC-16F1-4A9B-BD4D-21EF9A0434A3}.Release|Windows-x86.ActiveCfg = Release|Windows-x86
		{58CBE3DC-16F1-4A9B-BD4D-21EF9A0434A3}.Release|Windows-x86.Build.0 = Release|Windows-x86
		{58CBE3DC-16F1-4A9B-BD4D-21EF9A0434A3}.Release|Windows-x86.Deploy.0 = Release|Windows-x86
		{A470CED0-DD05-47DA-8E5B-3CB22908DB32}.Debug|Android.ActiveCfg = Debug|Any CPU
		{A470CED0-DD05-47DA-8E5B-3CB22908DB32}.Debug|Android.Build.0 = Debug|Any CPU
		{A470CED0-DD05-47DA-8E5B-3CB22908DB32}.Debug|Any CPU.ActiveCfg = Debug|Any CPU
		{A470CED0-DD05-47DA-8E5B-3CB22908DB32}.Debug|Any CPU.Build.0 = Debug|Any CPU
		{A470CED0-DD05-47DA-8E5B-3CB22908DB32}.Debug|iOS.ActiveCfg = Debug|Any CPU
		{A470CED0-DD05-47DA-8E5B-3CB22908DB32}.Debug|iOS.Build.0 = Debug|Any CPU
		{A470CED0-DD05-47DA-8E5B-3CB22908DB32}.Debug|Windows-AnyCPU.ActiveCfg = Debug|Any CPU
		{A470CED0-DD05-47DA-8E5B-3CB22908DB32}.Debug|Windows-AnyCPU.Build.0 = Debug|Any CPU
		{A470CED0-DD05-47DA-8E5B-3CB22908DB32}.Debug|Windows-ARM.ActiveCfg = Debug|Any CPU
		{A470CED0-DD05-47DA-8E5B-3CB22908DB32}.Debug|Windows-ARM.Build.0 = Debug|Any CPU
		{A470CED0-DD05-47DA-8E5B-3CB22908DB32}.Debug|Windows-x64.ActiveCfg = Debug|Any CPU
		{A470CED0-DD05-47DA-8E5B-3CB22908DB32}.Debug|Windows-x64.Build.0 = Debug|Any CPU
		{A470CED0-DD05-47DA-8E5B-3CB22908DB32}.Debug|Windows-x86.ActiveCfg = Debug|Any CPU
		{A470CED0-DD05-47DA-8E5B-3CB22908DB32}.Debug|Windows-x86.Build.0 = Debug|Any CPU
		{A470CED0-DD05-47DA-8E5B-3CB22908DB32}.Release|Android.ActiveCfg = Release|Any CPU
		{A470CED0-DD05-47DA-8E5B-3CB22908DB32}.Release|Android.Build.0 = Release|Any CPU
		{A470CED0-DD05-47DA-8E5B-3CB22908DB32}.Release|Any CPU.ActiveCfg = Release|Any CPU
		{A470CED0-DD05-47DA-8E5B-3CB22908DB32}.Release|Any CPU.Build.0 = Release|Any CPU
		{A470CED0-DD05-47DA-8E5B-3CB22908DB32}.Release|iOS.ActiveCfg = Release|Any CPU
		{A470CED0-DD05-47DA-8E5B-3CB22908DB32}.Release|iOS.Build.0 = Release|Any CPU
		{A470CED0-DD05-47DA-8E5B-3CB22908DB32}.Release|Windows-AnyCPU.ActiveCfg = Release|Any CPU
		{A470CED0-DD05-47DA-8E5B-3CB22908DB32}.Release|Windows-AnyCPU.Build.0 = Release|Any CPU
		{A470CED0-DD05-47DA-8E5B-3CB22908DB32}.Release|Windows-ARM.ActiveCfg = Release|Any CPU
		{A470CED0-DD05-47DA-8E5B-3CB22908DB32}.Release|Windows-ARM.Build.0 = Release|Any CPU
		{A470CED0-DD05-47DA-8E5B-3CB22908DB32}.Release|Windows-x64.ActiveCfg = Release|Any CPU
		{A470CED0-DD05-47DA-8E5B-3CB22908DB32}.Release|Windows-x64.Build.0 = Release|Any CPU
		{A470CED0-DD05-47DA-8E5B-3CB22908DB32}.Release|Windows-x86.ActiveCfg = Release|Any CPU
		{A470CED0-DD05-47DA-8E5B-3CB22908DB32}.Release|Windows-x86.Build.0 = Release|Any CPU
		{57CFCAED-92E8-4C66-B973-BDCF3FC6AE18}.Debug|Android.ActiveCfg = Debug|Any CPU
		{57CFCAED-92E8-4C66-B973-BDCF3FC6AE18}.Debug|Android.Build.0 = Debug|Any CPU
		{57CFCAED-92E8-4C66-B973-BDCF3FC6AE18}.Debug|Any CPU.ActiveCfg = Debug|Any CPU
		{57CFCAED-92E8-4C66-B973-BDCF3FC6AE18}.Debug|Any CPU.Build.0 = Debug|Any CPU
		{57CFCAED-92E8-4C66-B973-BDCF3FC6AE18}.Debug|iOS.ActiveCfg = Debug|Any CPU
		{57CFCAED-92E8-4C66-B973-BDCF3FC6AE18}.Debug|iOS.Build.0 = Debug|Any CPU
		{57CFCAED-92E8-4C66-B973-BDCF3FC6AE18}.Debug|Windows-AnyCPU.ActiveCfg = Debug|Any CPU
		{57CFCAED-92E8-4C66-B973-BDCF3FC6AE18}.Debug|Windows-AnyCPU.Build.0 = Debug|Any CPU
		{57CFCAED-92E8-4C66-B973-BDCF3FC6AE18}.Debug|Windows-ARM.ActiveCfg = Debug|Any CPU
		{57CFCAED-92E8-4C66-B973-BDCF3FC6AE18}.Debug|Windows-ARM.Build.0 = Debug|Any CPU
		{57CFCAED-92E8-4C66-B973-BDCF3FC6AE18}.Debug|Windows-x64.ActiveCfg = Debug|Any CPU
		{57CFCAED-92E8-4C66-B973-BDCF3FC6AE18}.Debug|Windows-x64.Build.0 = Debug|Any CPU
		{57CFCAED-92E8-4C66-B973-BDCF3FC6AE18}.Debug|Windows-x86.ActiveCfg = Debug|Any CPU
		{57CFCAED-92E8-4C66-B973-BDCF3FC6AE18}.Debug|Windows-x86.Build.0 = Debug|Any CPU
		{57CFCAED-92E8-4C66-B973-BDCF3FC6AE18}.Release|Android.ActiveCfg = Release|Any CPU
		{57CFCAED-92E8-4C66-B973-BDCF3FC6AE18}.Release|Android.Build.0 = Release|Any CPU
		{57CFCAED-92E8-4C66-B973-BDCF3FC6AE18}.Release|Any CPU.ActiveCfg = Release|Any CPU
		{57CFCAED-92E8-4C66-B973-BDCF3FC6AE18}.Release|Any CPU.Build.0 = Release|Any CPU
		{57CFCAED-92E8-4C66-B973-BDCF3FC6AE18}.Release|iOS.ActiveCfg = Release|Any CPU
		{57CFCAED-92E8-4C66-B973-BDCF3FC6AE18}.Release|iOS.Build.0 = Release|Any CPU
		{57CFCAED-92E8-4C66-B973-BDCF3FC6AE18}.Release|Windows-AnyCPU.ActiveCfg = Release|Any CPU
		{57CFCAED-92E8-4C66-B973-BDCF3FC6AE18}.Release|Windows-AnyCPU.Build.0 = Release|Any CPU
		{57CFCAED-92E8-4C66-B973-BDCF3FC6AE18}.Release|Windows-ARM.ActiveCfg = Release|Any CPU
		{57CFCAED-92E8-4C66-B973-BDCF3FC6AE18}.Release|Windows-ARM.Build.0 = Release|Any CPU
		{57CFCAED-92E8-4C66-B973-BDCF3FC6AE18}.Release|Windows-x64.ActiveCfg = Release|Any CPU
		{57CFCAED-92E8-4C66-B973-BDCF3FC6AE18}.Release|Windows-x64.Build.0 = Release|Any CPU
		{57CFCAED-92E8-4C66-B973-BDCF3FC6AE18}.Release|Windows-x86.ActiveCfg = Release|Any CPU
		{57CFCAED-92E8-4C66-B973-BDCF3FC6AE18}.Release|Windows-x86.Build.0 = Release|Any CPU
		{76CCA04D-6714-43DD-AA5F-2A84F833833B}.Debug|Android.ActiveCfg = Debug|Any CPU
		{76CCA04D-6714-43DD-AA5F-2A84F833833B}.Debug|Android.Build.0 = Debug|Any CPU
		{76CCA04D-6714-43DD-AA5F-2A84F833833B}.Debug|Any CPU.ActiveCfg = Debug|Any CPU
		{76CCA04D-6714-43DD-AA5F-2A84F833833B}.Debug|Any CPU.Build.0 = Debug|Any CPU
		{76CCA04D-6714-43DD-AA5F-2A84F833833B}.Debug|iOS.ActiveCfg = Debug|Any CPU
		{76CCA04D-6714-43DD-AA5F-2A84F833833B}.Debug|iOS.Build.0 = Debug|Any CPU
		{76CCA04D-6714-43DD-AA5F-2A84F833833B}.Debug|Windows-AnyCPU.ActiveCfg = Debug|Any CPU
		{76CCA04D-6714-43DD-AA5F-2A84F833833B}.Debug|Windows-AnyCPU.Build.0 = Debug|Any CPU
		{76CCA04D-6714-43DD-AA5F-2A84F833833B}.Debug|Windows-ARM.ActiveCfg = Debug|Any CPU
		{76CCA04D-6714-43DD-AA5F-2A84F833833B}.Debug|Windows-ARM.Build.0 = Debug|Any CPU
		{76CCA04D-6714-43DD-AA5F-2A84F833833B}.Debug|Windows-x64.ActiveCfg = Debug|Any CPU
		{76CCA04D-6714-43DD-AA5F-2A84F833833B}.Debug|Windows-x64.Build.0 = Debug|Any CPU
		{76CCA04D-6714-43DD-AA5F-2A84F833833B}.Debug|Windows-x86.ActiveCfg = Debug|Any CPU
		{76CCA04D-6714-43DD-AA5F-2A84F833833B}.Debug|Windows-x86.Build.0 = Debug|Any CPU
		{76CCA04D-6714-43DD-AA5F-2A84F833833B}.Release|Android.ActiveCfg = Release|Any CPU
		{76CCA04D-6714-43DD-AA5F-2A84F833833B}.Release|Android.Build.0 = Release|Any CPU
		{76CCA04D-6714-43DD-AA5F-2A84F833833B}.Release|Any CPU.ActiveCfg = Release|Any CPU
		{76CCA04D-6714-43DD-AA5F-2A84F833833B}.Release|Any CPU.Build.0 = Release|Any CPU
		{76CCA04D-6714-43DD-AA5F-2A84F833833B}.Release|iOS.ActiveCfg = Release|Any CPU
		{76CCA04D-6714-43DD-AA5F-2A84F833833B}.Release|iOS.Build.0 = Release|Any CPU
		{76CCA04D-6714-43DD-AA5F-2A84F833833B}.Release|Windows-AnyCPU.ActiveCfg = Release|Any CPU
		{76CCA04D-6714-43DD-AA5F-2A84F833833B}.Release|Windows-AnyCPU.Build.0 = Release|Any CPU
		{76CCA04D-6714-43DD-AA5F-2A84F833833B}.Release|Windows-ARM.ActiveCfg = Release|Any CPU
		{76CCA04D-6714-43DD-AA5F-2A84F833833B}.Release|Windows-ARM.Build.0 = Release|Any CPU
		{76CCA04D-6714-43DD-AA5F-2A84F833833B}.Release|Windows-x64.ActiveCfg = Release|Any CPU
		{76CCA04D-6714-43DD-AA5F-2A84F833833B}.Release|Windows-x64.Build.0 = Release|Any CPU
		{76CCA04D-6714-43DD-AA5F-2A84F833833B}.Release|Windows-x86.ActiveCfg = Release|Any CPU
		{76CCA04D-6714-43DD-AA5F-2A84F833833B}.Release|Windows-x86.Build.0 = Release|Any CPU
	EndGlobalSection
	GlobalSection(SolutionProperties) = preSolution
		HideSolutionNode = FALSE
	EndGlobalSection
	GlobalSection(ExtensibilityGlobals) = postSolution
		SolutionGuid = {165C6422-0701-43EA-A77C-587CC0742136}
	EndGlobalSection
EndGlobal
